// !$*UTF8*$!
{
	archiveVersion = 1;
	classes = {
	};
	objectVersion = 50;
	objects = {

/* Begin PBXBuildFile section */
		E2CDB79B20DBA6B4008160E1 /* AppDelegate.swift in Sources */ = {isa = PBXBuildFile; fileRef = E2CDB79A20DBA6B4008160E1 /* AppDelegate.swift */; };
		E2CDB79D20DBA6B4008160E1 /* ViewController.swift in Sources */ = {isa = PBXBuildFile; fileRef = E2CDB79C20DBA6B4008160E1 /* ViewController.swift */; };
		E2CDB7A220DBA6B4008160E1 /* Assets.xcassets in Resources */ = {isa = PBXBuildFile; fileRef = E2CDB7A120DBA6B4008160E1 /* Assets.xcassets */; };
		E2CDB7A520DBA6B4008160E1 /* LaunchScreen.storyboard in Resources */ = {isa = PBXBuildFile; fileRef = E2CDB7A320DBA6B4008160E1 /* LaunchScreen.storyboard */; };
		E2CDB7C620DC9D33008160E1 /* Touch3DViewController.swift in Sources */ = {isa = PBXBuildFile; fileRef = E2CDB7C520DC9D33008160E1 /* Touch3DViewController.swift */; };
		E2CDB7C820DCAD49008160E1 /* OtherTouch3DViewController.swift in Sources */ = {isa = PBXBuildFile; fileRef = E2CDB7C720DCAD49008160E1 /* OtherTouch3DViewController.swift */; };
/* End PBXBuildFile section */

/* Begin PBXCopyFilesBuildPhase section */
		E2CDB7C120DBAFAE008160E1 /* Embed App Extensions */ = {
			isa = PBXCopyFilesBuildPhase;
			buildActionMask = 2147483647;
			dstPath = "";
			dstSubfolderSpec = 13;
			files = (
			);
			name = "Embed App Extensions";
			runOnlyForDeploymentPostprocessing = 0;
		};
/* End PBXCopyFilesBuildPhase section */

/* Begin PBXFileReference section */
		E2CDB79720DBA6B4008160E1 /* Touch3D-Demo.app */ = {isa = PBXFileReference; explicitFileType = wrapper.application; includeInIndex = 0; path = "Touch3D-Demo.app"; sourceTree = BUILT_PRODUCTS_DIR; };
		E2CDB79A20DBA6B4008160E1 /* AppDelegate.swift */ = {isa = PBXFileReference; lastKnownFileType = sourcecode.swift; path = AppDelegate.swift; sourceTree = "<group>"; };
		E2CDB79C20DBA6B4008160E1 /* ViewController.swift */ = {isa = PBXFileReference; lastKnownFileType = sourcecode.swift; path = ViewController.swift; sourceTree = "<group>"; };
		E2CDB7A120DBA6B4008160E1 /* Assets.xcassets */ = {isa = PBXFileReference; lastKnownFileType = folder.assetcatalog; path = Assets.xcassets; sourceTree = "<group>"; };
		E2CDB7A420DBA6B4008160E1 /* Base */ = {isa = PBXFileReference; lastKnownFileType = file.storyboard; name = Base; path = Base.lproj/LaunchScreen.storyboard; sourceTree = "<group>"; };
		E2CDB7A620DBA6B4008160E1 /* Info.plist */ = {isa = PBXFileReference; lastKnownFileType = text.plist.xml; path = Info.plist; sourceTree = "<group>"; };
		E2CDB7B220DBAFAE008160E1 /* NotificationCenter.framework */ = {isa = PBXFileReference; lastKnownFileType = wrapper.framework; name = NotificationCenter.framework; path = System/Library/Frameworks/NotificationCenter.framework; sourceTree = SDKROOT; };
		E2CDB7C220DBBB9A008160E1 /* Touch3D-Demo.entitlements */ = {isa = PBXFileReference; lastKnownFileType = text.plist.entitlements; path = "Touch3D-Demo.entitlements"; sourceTree = "<group>"; };
		E2CDB7C520DC9D33008160E1 /* Touch3DViewController.swift */ = {isa = PBXFileReference; lastKnownFileType = sourcecode.swift; path = Touch3DViewController.swift; sourceTree = "<group>"; };
		E2CDB7C720DCAD49008160E1 /* OtherTouch3DViewController.swift */ = {isa = PBXFileReference; lastKnownFileType = sourcecode.swift; path = OtherTouch3DViewController.swift; sourceTree = "<group>"; };
/* End PBXFileReference section */

/* Begin PBXFrameworksBuildPhase section */
		E2CDB79420DBA6B4008160E1 /* Frameworks */ = {
			isa = PBXFrameworksBuildPhase;
			buildActionMask = 2147483647;
			files = (
			);
			runOnlyForDeploymentPostprocessing = 0;
		};
/* End PBXFrameworksBuildPhase section */

/* Begin PBXGroup section */
		E2CDB78E20DBA6B4008160E1 = {
			isa = PBXGroup;
			children = (
				E2CDB79920DBA6B4008160E1 /* Touch3D-Demo */,
				E2CDB7B120DBAFAE008160E1 /* Frameworks */,
				E2CDB79820DBA6B4008160E1 /* Products */,
			);
			sourceTree = "<group>";
		};
		E2CDB79820DBA6B4008160E1 /* Products */ = {
			isa = PBXGroup;
			children = (
				E2CDB79720DBA6B4008160E1 /* Touch3D-Demo.app */,
			);
			name = Products;
			sourceTree = "<group>";
		};
		E2CDB79920DBA6B4008160E1 /* Touch3D-Demo */ = {
			isa = PBXGroup;
			children = (
				E2CDB7C220DBBB9A008160E1 /* Touch3D-Demo.entitlements */,
				E2CDB79A20DBA6B4008160E1 /* AppDelegate.swift */,
				E2CDB79C20DBA6B4008160E1 /* ViewController.swift */,
				E2CDB7C520DC9D33008160E1 /* Touch3DViewController.swift */,
				E2CDB7C720DCAD49008160E1 /* OtherTouch3DViewController.swift */,
				E2CDB7A120DBA6B4008160E1 /* Assets.xcassets */,
				E2CDB7A320DBA6B4008160E1 /* LaunchScreen.storyboard */,
				E2CDB7A620DBA6B4008160E1 /* Info.plist */,
			);
			path = "Touch3D-Demo";
			sourceTree = "<group>";
		};
		E2CDB7B120DBAFAE008160E1 /* Frameworks */ = {
			isa = PBXGroup;
			children = (
				E2CDB7B220DBAFAE008160E1 /* NotificationCenter.framework */,
			);
			name = Frameworks;
			sourceTree = "<group>";
		};
/* End PBXGroup section */

/* Begin PBXNativeTarget section */
		E2CDB79620DBA6B4008160E1 /* Touch3D-Demo */ = {
			isa = PBXNativeTarget;
			buildConfigurationList = E2CDB7A920DBA6B4008160E1 /* Build configuration list for PBXNativeTarget "Touch3D-Demo" */;
			buildPhases = (
				E2CDB79320DBA6B4008160E1 /* Sources */,
				E2CDB79420DBA6B4008160E1 /* Frameworks */,
				E2CDB79520DBA6B4008160E1 /* Resources */,
				E2CDB7C120DBAFAE008160E1 /* Embed App Extensions */,
			);
			buildRules = (
			);
			dependencies = (
			);
			name = "Touch3D-Demo";
			productName = "Touch3D-Demo";
			productReference = E2CDB79720DBA6B4008160E1 /* Touch3D-Demo.app */;
			productType = "com.apple.product-type.application";
		};
/* End PBXNativeTarget section */

/* Begin PBXProject section */
		E2CDB78F20DBA6B4008160E1 /* Project object */ = {
			isa = PBXProject;
			attributes = {
				LastSwiftUpdateCheck = 0940;
				LastUpgradeCheck = 0940;
				ORGANIZATIONNAME = "黎明";
				TargetAttributes = {
					E2CDB79620DBA6B4008160E1 = {
						CreatedOnToolsVersion = 9.4;
						SystemCapabilities = {
							com.apple.ApplicationGroups.iOS = {
								enabled = 1;
							};
						};
					};
				};
			};
			buildConfigurationList = E2CDB79220DBA6B4008160E1 /* Build configuration list for PBXProject "Touch3D-Demo" */;
			compatibilityVersion = "Xcode 9.3";
			developmentRegion = en;
			hasScannedForEncodings = 0;
			knownRegions = (
				en,
				Base,
			);
			mainGroup = E2CDB78E20DBA6B4008160E1;
			productRefGroup = E2CDB79820DBA6B4008160E1 /* Products */;
			projectDirPath = "";
			projectRoot = "";
			targets = (
				E2CDB79620DBA6B4008160E1 /* Touch3D-Demo */,
			);
		};
/* End PBXProject section */

/* Begin PBXResourcesBuildPhase section */
		E2CDB79520DBA6B4008160E1 /* Resources */ = {
			isa = PBXResourcesBuildPhase;
			buildActionMask = 2147483647;
			files = (
				E2CDB7A520DBA6B4008160E1 /* LaunchScreen.storyboard in Resources */,
				E2CDB7A220DBA6B4008160E1 /* Assets.xcassets in Resources */,
			);
			runOnlyForDeploymentPostprocessing = 0;
		};
/* End PBXResourcesBuildPhase section */

/* Begin PBXSourcesBuildPhase section */
		E2CDB79320DBA6B4008160E1 /* Sources */ = {
			isa = PBXSourcesBuildPhase;
			buildActionMask = 2147483647;
			files = (
				E2CDB7C820DCAD49008160E1 /* OtherTouch3DViewController.swift in Sources */,
				E2CDB7C620DC9D33008160E1 /* Touch3DViewController.swift in Sources */,
				E2CDB79D20DBA6B4008160E1 /* ViewController.swift in Sources */,
				E2CDB79B20DBA6B4008160E1 /* AppDelegate.swift in Sources */,
			);
			runOnlyForDeploymentPostprocessing = 0;
		};
/* End PBXSourcesBuildPhase section */

/* Begin PBXVariantGroup section */
		E2CDB7A320DBA6B4008160E1 /* LaunchScreen.storyboard */ = {
			isa = PBXVariantGroup;
			children = (
				E2CDB7A420DBA6B4008160E1 /* Base */,
			);
			name = LaunchScreen.storyboard;
			sourceTree = "<group>";
		};
/* End PBXVariantGroup section */

/* Begin XCBuildConfiguration section */
		E2CDB7A720DBA6B4008160E1 /* Debug */ = {
			isa = XCBuildConfiguration;
			buildSettings = {
				ALWAYS_SEARCH_USER_PATHS = NO;
				CLANG_ANALYZER_NONNULL = YES;
				CLANG_ANALYZER_NUMBER_OBJECT_CONVERSION = YES_AGGRESSIVE;
				CLANG_CXX_LANGUAGE_STANDARD = "gnu++14";
				CLANG_CXX_LIBRARY = "libc++";
				CLANG_ENABLE_MODULES = YES;
				CLANG_ENABLE_OBJC_ARC = YES;
				CLANG_ENABLE_OBJC_WEAK = YES;
				CLANG_WARN_BLOCK_CAPTURE_AUTORELEASING = YES;
				CLANG_WARN_BOOL_CONVERSION = YES;
				CLANG_WARN_COMMA = YES;
				CLANG_WARN_CONSTANT_CONVERSION = YES;
				CLANG_WARN_DEPRECATED_OBJC_IMPLEMENTATIONS = YES;
				CLANG_WARN_DIRECT_OBJC_ISA_USAGE = YES_ERROR;
				CLANG_WARN_DOCUMENTATION_COMMENTS = YES;
				CLANG_WARN_EMPTY_BODY = YES;
				CLANG_WARN_ENUM_CONVERSION = YES;
				CLANG_WARN_INFINITE_RECURSION = YES;
				CLANG_WARN_INT_CONVERSION = YES;
				CLANG_WARN_NON_LITERAL_NULL_CONVERSION = YES;
				CLANG_WARN_OBJC_IMPLICIT_RETAIN_SELF = YES;
				CLANG_WARN_OBJC_LITERAL_CONVERSION = YES;
				CLANG_WARN_OBJC_ROOT_CLASS = YES_ERROR;
				CLANG_WARN_RANGE_LOOP_ANALYSIS = YES;
				CLANG_WARN_STRICT_PROTOTYPES = YES;
				CLANG_WARN_SUSPICIOUS_MOVE = YES;
				CLANG_WARN_UNGUARDED_AVAILABILITY = YES_AGGRESSIVE;
				CLANG_WARN_UNREACHABLE_CODE = YES;
				CLANG_WARN__DUPLICATE_METHOD_MATCH = YES;
				CODE_SIGN_IDENTITY = "iPhone Developer";
				COPY_PHASE_STRIP = NO;
				DEBUG_INFORMATION_FORMAT = dwarf;
				ENABLE_STRICT_OBJC_MSGSEND = YES;
				ENABLE_TESTABILITY = YES;
				GCC_C_LANGUAGE_STANDARD = gnu11;
				GCC_DYNAMIC_NO_PIC = NO;
				GCC_NO_COMMON_BLOCKS = YES;
				GCC_OPTIMIZATION_LEVEL = 0;
				GCC_PREPROCESSOR_DEFINITIONS = (
					"DEBUG=1",
					"$(inherited)",
				);
				GCC_WARN_64_TO_32_BIT_CONVERSION = YES;
				GCC_WARN_ABOUT_RETURN_TYPE = YES_ERROR;
				GCC_WARN_UNDECLARED_SELECTOR = YES;
				GCC_WARN_UNINITIALIZED_AUTOS = YES_AGGRESSIVE;
				GCC_WARN_UNUSED_FUNCTION = YES;
				GCC_WARN_UNUSED_VARIABLE = YES;
				IPHONEOS_DEPLOYMENT_TARGET = 11.4;
				MTL_ENABLE_DEBUG_INFO = YES;
				ONLY_ACTIVE_ARCH = YES;
				SDKROOT = iphoneos;
				SWIFT_ACTIVE_COMPILATION_CONDITIONS = DEBUG;
				SWIFT_OPTIMIZATION_LEVEL = "-Onone";
			};
			name = Debug;
		};
		E2CDB7A820DBA6B4008160E1 /* Release */ = {
			isa = XCBuildConfiguration;
			buildSettings = {
				ALWAYS_SEARCH_USER_PATHS = NO;
				CLANG_ANALYZER_NONNULL = YES;
				CLANG_ANALYZER_NUMBER_OBJECT_CONVERSION = YES_AGGRESSIVE;
				CLANG_CXX_LANGUAGE_STANDARD = "gnu++14";
				CLANG_CXX_LIBRARY = "libc++";
				CLANG_ENABLE_MODULES = YES;
				CLANG_ENABLE_OBJC_ARC = YES;
				CLANG_ENABLE_OBJC_WEAK = YES;
				CLANG_WARN_BLOCK_CAPTURE_AUTORELEASING = YES;
				CLANG_WARN_BOOL_CONVERSION = YES;
				CLANG_WARN_COMMA = YES;
				CLANG_WARN_CONSTANT_CONVERSION = YES;
				CLANG_WARN_DEPRECATED_OBJC_IMPLEMENTATIONS = YES;
				CLANG_WARN_DIRECT_OBJC_ISA_USAGE = YES_ERROR;
				CLANG_WARN_DOCUMENTATION_COMMENTS = YES;
				CLANG_WARN_EMPTY_BODY = YES;
				CLANG_WARN_ENUM_CONVERSION = YES;
				CLANG_WARN_INFINITE_RECURSION = YES;
				CLANG_WARN_INT_CONVERSION = YES;
				CLANG_WARN_NON_LITERAL_NULL_CONVERSION = YES;
				CLANG_WARN_OBJC_IMPLICIT_RETAIN_SELF = YES;
				CLANG_WARN_OBJC_LITERAL_CONVERSION = YES;
				CLANG_WARN_OBJC_ROOT_CLASS = YES_ERROR;
				CLANG_WARN_RANGE_LOOP_ANALYSIS = YES;
				CLANG_WARN_STRICT_PROTOTYPES = YES;
				CLANG_WARN_SUSPICIOUS_MOVE = YES;
				CLANG_WARN_UNGUARDED_AVAILABILITY = YES_AGGRESSIVE;
				CLANG_WARN_UNREACHABLE_CODE = YES;
				CLANG_WARN__DUPLICATE_METHOD_MATCH = YES;
				CODE_SIGN_IDENTITY = "iPhone Developer";
				COPY_PHASE_STRIP = NO;
				DEBUG_INFORMATION_FORMAT = "dwarf-with-dsym";
				ENABLE_NS_ASSERTIONS = NO;
				ENABLE_STRICT_OBJC_MSGSEND = YES;
				GCC_C_LANGUAGE_STANDARD = gnu11;
				GCC_NO_COMMON_BLOCKS = YES;
				GCC_WARN_64_TO_32_BIT_CONVERSION = YES;
				GCC_WARN_ABOUT_RETURN_TYPE = YES_ERROR;
				GCC_WARN_UNDECLARED_SELECTOR = YES;
				GCC_WARN_UNINITIALIZED_AUTOS = YES_AGGRESSIVE;
				GCC_WARN_UNUSED_FUNCTION = YES;
				GCC_WARN_UNUSED_VARIABLE = YES;
				IPHONEOS_DEPLOYMENT_TARGET = 11.4;
				MTL_ENABLE_DEBUG_INFO = NO;
				SDKROOT = iphoneos;
				SWIFT_COMPILATION_MODE = wholemodule;
				SWIFT_OPTIMIZATION_LEVEL = "-O";
				VALIDATE_PRODUCT = YES;
			};
			name = Release;
		};
		E2CDB7AA20DBA6B4008160E1 /* Debug */ = {
			isa = XCBuildConfiguration;
			buildSettings = {
				ASSETCATALOG_COMPILER_APPICON_NAME = AppIcon;
				CODE_SIGN_ENTITLEMENTS = "Touch3D-Demo/Touch3D-Demo.entitlements";
				CODE_SIGN_STYLE = Automatic;
				DEVELOPMENT_TEAM = K93GK25J3C;
				INFOPLIST_FILE = "Touch3D-Demo/Info.plist";
				LD_RUNPATH_SEARCH_PATHS = (
					"$(inherited)",
					"@executable_path/Frameworks",
				);
				PRODUCT_BUNDLE_IDENTIFIER = "com.liming.Touch3D-Demo";
				PRODUCT_NAME = "$(TARGET_NAME)";
				SWIFT_VERSION = 4.0;
				TARGETED_DEVICE_FAMILY = "1,2";
			};
			name = Debug;
		};
		E2CDB7AB20DBA6B4008160E1 /* Release */ = {
			isa = XCBuildConfiguration;
			buildSettings = {
				ASSETCATALOG_COMPILER_APPICON_NAME = AppIcon;
				CODE_SIGN_ENTITLEMENTS = "Touch3D-Demo/Touch3D-Demo.entitlements";
				CODE_SIGN_STYLE = Automatic;
				DEVELOPMENT_TEAM = K93GK25J3C;
				INFOPLIST_FILE = "Touch3D-Demo/Info.plist";
				LD_RUNPATH_SEARCH_PATHS = (
					"$(inherited)",
					"@executable_path/Frameworks",
				);
				PRODUCT_BUNDLE_IDENTIFIER = "com.liming.Touch3D-Demo";
				PRODUCT_NAME = "$(TARGET_NAME)";
				SWIFT_VERSION = 4.0;
				TARGETED_DEVICE_FAMILY = "1,2";
			};
			name = Release;
		};
/* End XCBuildConfiguration section */

/* Begin XCConfigurationList section */
		E2CDB79220DBA6B4008160E1 /* Build configuration list for PBXProject "Touch3D-Demo" */ = {
			isa = XCConfigurationList;
			buildConfigurations = (
				E2CDB7A720DBA6B4008160E1 /* Debug */,
				E2CDB7A820DBA6B4008160E1 /* Release */,
			);
			defaultConfigurationIsVisible = 0;
			defaultConfigurationName = Release;
		};
		E2CDB7A920DBA6B4008160E1 /* Build configuration list for PBXNativeTarget "Touch3D-Demo" */ = {
			isa = XCConfigurationList;
			buildConfigurations = (
				E2CDB7AA20DBA6B4008160E1 /* Debug */,
				E2CDB7AB20DBA6B4008160E1 /* Release */,
			);
			defaultConfigurationIsVisible = 0;
			defaultConfigurationName = Release;
		};
/* End XCConfigurationList section */
	};
	rootObject = E2CDB78F20DBA6B4008160E1 /* Project object */;
}
